
Microsoft Visual Studio Solution File, Format Version 12.00
# Visual Studio 15
VisualStudioVersion = 15.0.26206.0
MinimumVisualStudioVersion = 10.0.40219.1
Project("{FAE04EC0-301F-11D3-BF4B-00C04F79EFBC}") = "Mvc.JQuery.DataTables.Templates", "Mvc.JQuery.DataTables.Templates\Mvc.JQuery.DataTables.Templates.csproj", "{8DA3D5E6-D714-40C3-B6CB-E88D852C5175}"
EndProject
Project("{FAE04EC0-301F-11D3-BF4B-00C04F79EFBC}") = "Mvc.JQuery.DataTables.Tests", "Mvc.Jquery.DataTables.Tests\Mvc.JQuery.DataTables.Tests.csproj", "{53671C41-666D-4269-A12A-BA6C2F209E7A}"
	ProjectSection(ProjectDependencies) = postProject
		{608E2574-4EB7-455C-8AB7-AAA66CB3642D} = {608E2574-4EB7-455C-8AB7-AAA66CB3642D}
	EndProjectSection
EndProject
Project("{FAE04EC0-301F-11D3-BF4B-00C04F79EFBC}") = "Mvc.JQuery.DataTables", "Mvc.JQuery.DataTables\Mvc.JQuery.DataTables.csproj", "{608E2574-4EB7-455C-8AB7-AAA66CB3642D}"
EndProject
Project("{FAE04EC0-301F-11D3-BF4B-00C04F79EFBC}") = "Mvc.JQuery.DataTables.Core", "Mvc.JQuery.DataTables.Core\Mvc.JQuery.DataTables.Core.csproj", "{389ADE94-7C32-4885-812E-68A2A74C82D8}"
EndProject
Project("{FAE04EC0-301F-11D3-BF4B-00C04F79EFBC}") = "Mvc.JQuery.DataTables.Example", "Mvc.JQuery.DataTables.Example\Mvc.JQuery.DataTables.Example.csproj", "{476D3266-8699-4E89-A528-646C1235EEB1}"
EndProject
Global
	GlobalSection(SolutionConfigurationPlatforms) = preSolution
		Debug|Any CPU = Debug|Any CPU
		Release|Any CPU = Release|Any CPU
	EndGlobalSection
	GlobalSection(ProjectConfigurationPlatforms) = postSolution
		{8DA3D5E6-D714-40C3-B6CB-E88D852C5175}.Debug|Any CPU.ActiveCfg = Debug|Any CPU
		{8DA3D5E6-D714-40C3-B6CB-E88D852C5175}.Debug|Any CPU.Build.0 = Debug|Any CPU
		{8DA3D5E6-D714-40C3-B6CB-E88D852C5175}.Release|Any CPU.ActiveCfg = Release|Any CPU
		{8DA3D5E6-D714-40C3-B6CB-E88D852C5175}.Release|Any CPU.Build.0 = Release|Any CPU
		{53671C41-666D-4269-A12A-BA6C2F209E7A}.Debug|Any CPU.ActiveCfg = Debug|Any CPU
		{53671C41-666D-4269-A12A-BA6C2F209E7A}.Debug|Any CPU.Build.0 = Debug|Any CPU
		{53671C41-666D-4269-A12A-BA6C2F209E7A}.Release|Any CPU.ActiveCfg = Release|Any CPU
		{53671C41-666D-4269-A12A-BA6C2F209E7A}.Release|Any CPU.Build.0 = Release|Any CPU
		{608E2574-4EB7-455C-8AB7-AAA66CB3642D}.Debug|Any CPU.ActiveCfg = Debug|Any CPU
		{608E2574-4EB7-455C-8AB7-AAA66CB3642D}.Debug|Any CPU.Build.0 = Debug|Any CPU
		{608E2574-4EB7-455C-8AB7-AAA66CB3642D}.Release|Any CPU.ActiveCfg = Release|Any CPU
		{608E2574-4EB7-455C-8AB7-AAA66CB3642D}.Release|Any CPU.Build.0 = Release|Any CPU
		{389ADE94-7C32-4885-812E-68A2A74C82D8}.Debug|Any CPU.ActiveCfg = Debug|Any CPU
		{389ADE94-7C32-4885-812E-68A2A74C82D8}.Debug|Any CPU.Build.0 = Debug|Any CPU
		{389ADE94-7C32-4885-812E-68A2A74C82D8}.Release|Any CPU.ActiveCfg = Release|Any CPU
		{389ADE94-7C32-4885-812E-68A2A74C82D8}.Release|Any CPU.Build.0 = Release|Any CPU
		{476D3266-8699-4E89-A528-646C1235EEB1}.Debug|Any CPU.ActiveCfg = Debug|Any CPU
		{476D3266-8699-4E89-A528-646C1235EEB1}.Debug|Any CPU.Build.0 = Debug|Any CPU
		{476D3266-8699-4E89-A528-646C1235EEB1}.Release|Any CPU.ActiveCfg = Release|Any CPU
		{476D3266-8699-4E89-A528-646C1235EEB1}.Release|Any CPU.Build.0 = Release|Any CPU
	EndGlobalSection
	GlobalSection(SolutionProperties) = preSolution
		HideSolutionNode = FALSE
	EndGlobalSection
EndGlobal
